{
  "name": "load-tests",
  "version": "1.0.0",
  "lockfileVersion": 1,
  "requires": true,
  "dependencies": {
    "@auth0/thumbprint": {
      "version": "0.0.6",
      "resolved": "https://registry.npmjs.org/@auth0/thumbprint/-/thumbprint-0.0.6.tgz",
      "integrity": "sha1-yrEGLGwEZizmxZLUgVfsQmiuhRg="
    },
    "async": {
      "version": "0.2.10",
      "resolved": "https://registry.npmjs.org/async/-/async-0.2.10.tgz",
      "integrity": "sha1-trvgsGdLnXGXCMo43owjfLUmw9E="
    },
    "clone": {
      "version": "1.0.4",
      "resolved": "https://registry.npmjs.org/clone/-/clone-1.0.4.tgz",
      "integrity": "sha1-2jCcwmPfFZlMaIypAheco8fNfH4="
    },
    "dotenv": {
      "version": "8.2.0",
      "resolved": "https://registry.npmjs.org/dotenv/-/dotenv-8.2.0.tgz",
      "integrity": "sha512-8sJ78ElpbDJBHNeBzUbUVLsqKdccaa/BXF1uPTw3GrvQTBgrQrtObr2mUrE38vzYd8cEv+m/JBfDLioYcfXoaw=="
    },
    "ejs": {
      "version": "2.5.5",
      "resolved": "https://registry.npmjs.org/ejs/-/ejs-2.5.5.tgz",
      "integrity": "sha1-bvTpVOp9z1T2aq0v56pCGTLZ7Xc="
    },
    "flowstate": {
      "version": "0.4.1",
      "resolved": "https://registry.npmjs.org/flowstate/-/flowstate-0.4.1.tgz",
      "integrity": "sha1-tfu4t/wte9xbVL5GyYMJ73NvTsA=",
      "requires": {
        "clone": "^1.0.2",
        "uid-safe": "^2.1.0",
        "utils-flatten": "^1.0.0"
      }
    },
    "lodash": {
      "version": "4.17.15",
      "resolved": "https://registry.npmjs.org/lodash/-/lodash-4.17.15.tgz",
      "integrity": "sha512-8xOcRHvCjnocdS5cpwXQXVzmmh5e5+saE2QGoeQmbKmRS6J3VQppPOIt0MnmE+4xlZoumy0GPG0D0MVIQbNA1A=="
    },
    "moment": {
      "version": "2.15.2",
      "resolved": "https://registry.npmjs.org/moment/-/moment-2.15.2.tgz",
      "integrity": "sha1-G/3t9qbjRfMi/pVtXfW9CKjOhNw="
    },
    "nanoid": {
      "version": "3.1.10",
      "resolved": "https://registry.npmjs.org/nanoid/-/nanoid-3.1.10.tgz",
      "integrity": "sha512-iZFMXKeXWkxzlfmMfM91gw7YhN2sdJtixY+eZh9V6QWJWTOiurhpKhBMgr82pfzgSqglQgqYSCowEYsz8D++6w=="
    },
    "node-forge": {
      "version": "0.7.6",
      "resolved": "https://registry.npmjs.org/node-forge/-/node-forge-0.7.6.tgz",
      "integrity": "sha512-sol30LUpz1jQFBjOKwbjxijiE3b6pjd74YwfD0fJOKPjF+fONKb2Yg8rYgS6+bK6VDl+/wfr4IYpC7jDzLUIfw=="
    },
    "querystring": {
      "version": "0.2.0",
      "resolved": "https://registry.npmjs.org/querystring/-/querystring-0.2.0.tgz",
      "integrity": "sha1-sgmEkgO7Jd+CDadW50cAWHhSFiA="
    },
    "random-bytes": {
      "version": "1.0.0",
      "resolved": "https://registry.npmjs.org/random-bytes/-/random-bytes-1.0.0.tgz",
      "integrity": "sha1-T2ih3Arli9P7lYSMMDJNt11kNgs="
    },
    "saml": {
      "version": "0.12.5",
      "resolved": "https://registry.npmjs.org/saml/-/saml-0.12.5.tgz",
      "integrity": "sha1-pDyQhUifefceg94uxato3sxrjME=",
      "requires": {
        "async": "~0.2.9",
        "moment": "2.15.2",
        "valid-url": "~1.0.9",
        "xml-crypto": "~0.10.1",
        "xml-encryption": "0.11.2",
        "xml-name-validator": "~2.0.1",
        "xmldom": "=0.1.15",
        "xpath": "0.0.5"
      },
      "dependencies": {
        "xmldom": {
          "version": "0.1.15",
          "resolved": "https://registry.npmjs.org/xmldom/-/xmldom-0.1.15.tgz",
          "integrity": "sha1-swSAYvG91S7cQhQkRZ8G3O6y+U0="
        }
      }
    },
    "samlp": {
      "version": "3.4.1",
      "resolved": "https://registry.npmjs.org/samlp/-/samlp-3.4.1.tgz",
      "integrity": "sha512-7FbX9yp/UOwCR9vSpBWufPHbOMjg96vbwOL7CoFlzWb3H6jGN637ljVASkoCPmpac1f2+NjMSzech4sFCjE7Qg==",
      "requires": {
        "@auth0/thumbprint": "0.0.6",
        "ejs": "2.5.5",
        "flowstate": "^0.4.0",
        "querystring": "^0.2.0",
        "saml": "^0.12.1",
        "xml-crypto": "^0.10.1",
        "xmldom": "github:auth0/xmldom#v0.1.19-auth0_1",
        "xpath": "0.0.5",
        "xtend": "^1.0.3"
      }
    },
    "uid-safe": {
      "version": "2.1.5",
      "resolved": "https://registry.npmjs.org/uid-safe/-/uid-safe-2.1.5.tgz",
      "integrity": "sha512-KPHm4VL5dDXKz01UuEd88Df+KzynaohSL9fBh096KWAxSKZQDI2uBrVqtvRM4rwrIrRRKsdLNML/lnaaVSRioA==",
      "requires": {
        "random-bytes": "~1.0.0"
      }
    },
    "utils-flatten": {
      "version": "1.0.0",
      "resolved": "https://registry.npmjs.org/utils-flatten/-/utils-flatten-1.0.0.tgz",
      "integrity": "sha1-AfMNMZO+RkxAsxdV5nQNDbDO8kM="
    },
    "valid-url": {
      "version": "1.0.9",
      "resolved": "https://registry.npmjs.org/valid-url/-/valid-url-1.0.9.tgz",
      "integrity": "sha1-HBRHm0DxOXp1eC8RXkCGRHQzogA="
    },
    "xml-crypto": {
      "version": "0.10.1",
      "resolved": "https://registry.npmjs.org/xml-crypto/-/xml-crypto-0.10.1.tgz",
      "integrity": "sha1-+DL3TM9W8kr8rhFjofyrRNlndKg=",
      "requires": {
        "xmldom": "=0.1.19",
        "xpath.js": ">=0.0.3"
      }
    },
    "xml-encryption": {
      "version": "0.11.2",
      "resolved": "https://registry.npmjs.org/xml-encryption/-/xml-encryption-0.11.2.tgz",
      "integrity": "sha512-jVvES7i5ovdO7N+NjgncA326xYKjhqeAnnvIgRnY7ROLCfFqEDLwP0Sxp/30SHG0AXQV1048T5yinOFyvwGFzg==",
      "requires": {
        "async": "^2.1.5",
        "ejs": "^2.5.6",
        "node-forge": "^0.7.0",
        "xmldom": "~0.1.15",
        "xpath": "0.0.27"
      },
      "dependencies": {
        "async": {
          "version": "2.6.3",
          "resolved": "https://registry.npmjs.org/async/-/async-2.6.3.tgz",
          "integrity": "sha512-zflvls11DCy+dQWzTW2dzuilv8Z5X/pjfmZOWba6TNIVDm+2UDaJmXSOXlasHKfNBs8oo3M0aT50fDEWfKZjXg==",
          "requires": {
            "lodash": "^4.17.14"
          }
        },
        "ejs": {
          "version": "2.7.4",
          "resolved": "https://registry.npmjs.org/ejs/-/ejs-2.7.4.tgz",
          "integrity": "sha512-7vmuyh5+kuUyJKePhQfRQBhXV5Ce+RnaeeQArKu1EAMpL3WbgMt5WG6uQZpEVvYSSsxMXRKOewtDk9RaTKXRlA=="
        },
        "xpath": {
          "version": "0.0.27",
          "resolved": "https://registry.npmjs.org/xpath/-/xpath-0.0.27.tgz",
          "integrity": "sha512-fg03WRxtkCV6ohClePNAECYsmpKKTv5L8y/X3Dn1hQrec3POx2jHZ/0P2qQ6HvsrU1BmeqXcof3NGGueG6LxwQ=="
        }
      }
    },
    "xml-name-validator": {
      "version": "2.0.1",
      "resolved": "https://registry.npmjs.org/xml-name-validator/-/xml-name-validator-2.0.1.tgz",
      "integrity": "sha1-TYuPHszTQZqjYgYb7O9RXh5VljU="
    },
    "xmldom": {
      "version": "github:auth0/xmldom#3376bc7beb5551bf68e12b0cc6b0e3669f77d392",
      "from": "github:auth0/xmldom#v0.1.19-auth0_1"
    },
    "xpath": {
      "version": "0.0.5",
      "resolved": "https://registry.npmjs.org/xpath/-/xpath-0.0.5.tgz",
      "integrity": "sha1-RUA29u8PPfWvXUukoRn7dWdLPmw="
    },
    "xpath.js": {
      "version": "1.1.0",
      "resolved": "https://registry.npmjs.org/xpath.js/-/xpath.js-1.1.0.tgz",
      "integrity": "sha512-jg+qkfS4K8E7965sqaUl8mRngXiKb3WZGfONgE18pr03FUQiuSV6G+Ej4tS55B+rIQSFEIw3phdVAQ4pPqNWfQ=="
    },
    "xtend": {
      "version": "1.0.3",
      "resolved": "https://registry.npmjs.org/xtend/-/xtend-1.0.3.tgz",
      "integrity": "sha1-P12Tc1PM7Y4IU5mlY/2yJUHClgo="
    }
  }
}
